
Microsoft Visual Studio Solution File, Format Version 12.00
# Visual Studio Version 16
VisualStudioVersion = 16.0.30907.101
MinimumVisualStudioVersion = 10.0.40219.1
Project("{FAE04EC0-301F-11D3-BF4B-00C04F79EFBC}") = "HLA Workshop Assistant", "HLA Workshop Assistant\HLA Workshop Assistant.csproj", "{D423EECC-7BD5-4A43-8EB5-370BDB8A3450}"
EndProject
Project("{FAE04EC0-301F-11D3-BF4B-00C04F79EFBC}") = "HLA Workshop AssistantTests", "HLA Workshop AssistantTests\HLA Workshop AssistantTests.csproj", "{9E90DE5C-A650-47B1-A895-FD26C1F61693}"
EndProject
Global
	GlobalSection(SolutionConfigurationPlatforms) = preSolution
		Debug|Any CPU = Debug|Any CPU
		Release|Any CPU = Release|Any CPU
	EndGlobalSection
	GlobalSection(ProjectConfigurationPlatforms) = postSolution
		{D423EECC-7BD5-4A43-8EB5-370BDB8A3450}.Debug|Any CPU.ActiveCfg = Debug|Any CPU
		{D423EECC-7BD5-4A43-8EB5-370BDB8A3450}.Debug|Any CPU.Build.0 = Debug|Any CPU
		{D423EECC-7BD5-4A43-8EB5-370BDB8A3450}.Release|Any CPU.ActiveCfg = Release|Any CPU
		{D423EECC-7BD5-4A43-8EB5-370BDB8A3450}.Release|Any CPU.Build.0 = Release|Any CPU
		{9E90DE5C-A650-47B1-A895-FD26C1F61693}.Debug|Any CPU.ActiveCfg = Debug|Any CPU
		{9E90DE5C-A650-47B1-A895-FD26C1F61693}.Debug|Any CPU.Build.0 = Debug|Any CPU
		{9E90DE5C-A650-47B1-A895-FD26C1F61693}.Release|Any CPU.ActiveCfg = Release|Any CPU
		{9E90DE5C-A650-47B1-A895-FD26C1F61693}.Release|Any CPU.Build.0 = Release|Any CPU
	EndGlobalSection
	GlobalSection(SolutionProperties) = preSolution
		HideSolutionNode = FALSE
	EndGlobalSection
	GlobalSection(ExtensibilityGlobals) = postSolution
		SolutionGuid = {F983598A-4609-46D3-96F8-9FBA716F3A74}
	EndGlobalSection
EndGlobal
